
Microsoft Visual Studio Solution File, Format Version 12.00
# Visual Studio Version 17
VisualStudioVersion = 17.3.32929.385
MinimumVisualStudioVersion = 10.0.40219.1
Project("{FAE04EC0-301F-11D3-BF4B-00C04F79EFBC}") = "ThreadSample", "ThreadSample\ThreadSample.csproj", "{17B0CD30-3695-48D6-96F8-8A0F717954D4}"
EndProject
Global
	GlobalSection(SolutionConfigurationPlatforms) = preSolution
		Debug|Any CPU = Debug|Any CPU
		Release|Any CPU = Release|Any CPU
	EndGlobalSection
	GlobalSection(ProjectConfigurationPlatforms) = postSolution
		{17B0CD30-3695-48D6-96F8-8A0F717954D4}.Debug|Any CPU.ActiveCfg = Debug|Any CPU
		{17B0CD30-3695-48D6-96F8-8A0F717954D4}.Debug|Any CPU.Build.0 = Debug|Any CPU
		{17B0CD30-3695-48D6-96F8-8A0F717954D4}.Release|Any CPU.ActiveCfg = Release|Any CPU
		{17B0CD30-3695-48D6-96F8-8A0F717954D4}.Release|Any CPU.Build.0 = Release|Any CPU
	EndGlobalSection
	GlobalSection(SolutionProperties) = preSolution
		HideSolutionNode = FALSE
	EndGlobalSection
	GlobalSection(ExtensibilityGlobals) = postSolution
		SolutionGuid = {6D5529C6-6DCD-45FF-A59E-F4D89F35E10D}
	EndGlobalSection
EndGlobal
